
Microsoft Visual Studio Solution File, Format Version 12.00
# Visual Studio Version 17
VisualStudioVersion = 17.10.35013.160
MinimumVisualStudioVersion = 10.0.40219.1
Project("{FAE04EC0-301F-11D3-BF4B-00C04F79EFBC}") = "Progetto Finale S1", "Progetto Finale S1\Progetto Finale S1.csproj", "{ED43F9ED-EDE9-43F0-AA27-0D3B4E4DC96D}"
EndProject
Global
	GlobalSection(SolutionConfigurationPlatforms) = preSolution
		Debug|Any CPU = Debug|Any CPU
		Release|Any CPU = Release|Any CPU
	EndGlobalSection
	GlobalSection(ProjectConfigurationPlatforms) = postSolution
		{ED43F9ED-EDE9-43F0-AA27-0D3B4E4DC96D}.Debug|Any CPU.ActiveCfg = Debug|Any CPU
		{ED43F9ED-EDE9-43F0-AA27-0D3B4E4DC96D}.Debug|Any CPU.Build.0 = Debug|Any CPU
		{ED43F9ED-EDE9-43F0-AA27-0D3B4E4DC96D}.Release|Any CPU.ActiveCfg = Release|Any CPU
		{ED43F9ED-EDE9-43F0-AA27-0D3B4E4DC96D}.Release|Any CPU.Build.0 = Release|Any CPU
	EndGlobalSection
	GlobalSection(SolutionProperties) = preSolution
		HideSolutionNode = FALSE
	EndGlobalSection
	GlobalSection(ExtensibilityGlobals) = postSolution
		SolutionGuid = {63402A79-DD04-45F5-86DA-7C0AB39D6C72}
	EndGlobalSection
EndGlobal
